// !$*UTF8*$!
{
	archiveVersion = 1;
	classes = {
	};
	objectVersion = 46;
	objects = {

/* Begin PBXBuildFile section */
		D8EFE2411D7457E500882405 /* main.m in Sources */ = {isa = PBXBuildFile; fileRef = D8EFE2401D7457E500882405 /* main.m */; };
		D8EFE2441D7457E500882405 /* AppDelegate.m in Sources */ = {isa = PBXBuildFile; fileRef = D8EFE2431D7457E500882405 /* AppDelegate.m */; };
		D8EFE2471D7457E500882405 /* ViewController.m in Sources */ = {isa = PBXBuildFile; fileRef = D8EFE2461D7457E500882405 /* ViewController.m */; };
		D8EFE24A1D7457E500882405 /* Main.storyboard in Resources */ = {isa = PBXBuildFile; fileRef = D8EFE2481D7457E500882405 /* Main.storyboard */; };
		D8EFE24C1D7457E500882405 /* Assets.xcassets in Resources */ = {isa = PBXBuildFile; fileRef = D8EFE24B1D7457E500882405 /* Assets.xcassets */; };
		D8EFE24F1D7457E500882405 /* LaunchScreen.storyboard in Resources */ = {isa = PBXBuildFile; fileRef = D8EFE24D1D7457E500882405 /* LaunchScreen.storyboard */; };
		D8EFE2571D74599100882405 /* kabali.jpg in Resources */ = {isa = PBXBuildFile; fileRef = D8EFE2561D74599100882405 /* kabali.jpg */; };
/* End PBXBuildFile section */

/* Begin PBXFileReference section */
		D8EFE23C1D7457E400882405 /* BRNPulseBy1604.app */ = {isa = PBXFileReference; explicitFileType = wrapper.application; includeInIndex = 0; path = BRNPulseBy1604.app; sourceTree = BUILT_PRODUCTS_DIR; };
		D8EFE2401D7457E500882405 /* main.m */ = {isa = PBXFileReference; lastKnownFileType = sourcecode.c.objc; path = main.m; sourceTree = "<group>"; };
		D8EFE2421D7457E500882405 /* AppDelegate.h */ = {isa = PBXFileReference; lastKnownFileType = sourcecode.c.h; path = AppDelegate.h; sourceTree = "<group>"; };
		D8EFE2431D7457E500882405 /* AppDelegate.m */ = {isa = PBXFileReference; lastKnownFileType = sourcecode.c.objc; path = AppDelegate.m; sourceTree = "<group>"; };
		D8EFE2451D7457E500882405 /* ViewController.h */ = {isa = PBXFileReference; lastKnownFileType = sourcecode.c.h; path = ViewController.h; sourceTree = "<group>"; };
		D8EFE2461D7457E500882405 /* ViewController.m */ = {isa = PBXFileReference; lastKnownFileType = sourcecode.c.objc; path = ViewController.m; sourceTree = "<group>"; };
		D8EFE2491D7457E500882405 /* Base */ = {isa = PBXFileReference; lastKnownFileType = file.storyboard; name = Base; path = Base.lproj/Main.storyboard; sourceTree = "<group>"; };
		D8EFE24B1D7457E500882405 /* Assets.xcassets */ = {isa = PBXFileReference; lastKnownFileType = folder.assetcatalog; path = Assets.xcassets; sourceTree = "<group>"; };
		D8EFE24E1D7457E500882405 /* Base */ = {isa = PBXFileReference; lastKnownFileType = file.storyboard; name = Base; path = Base.lproj/LaunchScreen.storyboard; sourceTree = "<group>"; };
		D8EFE2501D7457E500882405 /* Info.plist */ = {isa = PBXFileReference; lastKnownFileType = text.plist.xml; path = Info.plist; sourceTree = "<group>"; };
		D8EFE2561D74599100882405 /* kabali.jpg */ = {isa = PBXFileReference; lastKnownFileType = image.jpeg; path = kabali.jpg; sourceTree = "<group>"; };
/* End PBXFileReference section */

/* Begin PBXFrameworksBuildPhase section */
		D8EFE2391D7457E400882405 /* Frameworks */ = {
			isa = PBXFrameworksBuildPhase;
			buildActionMask = 2147483647;
			files = (
			);
			runOnlyForDeploymentPostprocessing = 0;
		};
/* End PBXFrameworksBuildPhase section */

/* Begin PBXGroup section */
		D8EFE2331D7457E400882405 = {
			isa = PBXGroup;
			children = (
				D8EFE23E1D7457E500882405 /* BRNPulseBy1604 */,
				D8EFE23D1D7457E400882405 /* Products */,
			);
			sourceTree = "<group>";
		};
		D8EFE23D1D7457E400882405 /* Products */ = {
			isa = PBXGroup;
			children = (
				D8EFE23C1D7457E400882405 /* BRNPulseBy1604.app */,
			);
			name = Products;
			sourceTree = "<group>";
		};
		D8EFE23E1D7457E500882405 /* BRNPulseBy1604 */ = {
			isa = PBXGroup;
			children = (
				D8EFE2421D7457E500882405 /* AppDelegate.h */,
				D8EFE2431D7457E500882405 /* AppDelegate.m */,
				D8EFE2451D7457E500882405 /* ViewController.h */,
				D8EFE2461D7457E500882405 /* ViewController.m */,
				D8EFE2561D74599100882405 /* kabali.jpg */,
				D8EFE2481D7457E500882405 /* Main.storyboard */,
				D8EFE24B1D7457E500882405 /* Assets.xcassets */,
				D8EFE24D1D7457E500882405 /* LaunchScreen.storyboard */,
				D8EFE2501D7457E500882405 /* Info.plist */,
				D8EFE23F1D7457E500882405 /* Supporting Files */,
			);
			path = BRNPulseBy1604;
			sourceTree = "<group>";
		};
		D8EFE23F1D7457E500882405 /* Supporting Files */ = {
			isa = PBXGroup;
			children = (
				D8EFE2401D7457E500882405 /* main.m */,
			);
			name = "Supporting Files";
			sourceTree = "<group>";
		};
/* End PBXGroup section */

/* Begin PBXNativeTarget section */
		D8EFE23B1D7457E400882405 /* BRNPulseBy1604 */ = {
			isa = PBXNativeTarget;
			buildConfigurationList = D8EFE2531D7457E500882405 /* Build configuration list for PBXNativeTarget "BRNPulseBy1604" */;
			buildPhases = (
				D8EFE2381D7457E400882405 /* Sources */,
				D8EFE2391D7457E400882405 /* Frameworks */,
				D8EFE23A1D7457E400882405 /* Resources */,
			);
			buildRules = (
			);
			dependencies = (
			);
			name = BRNPulseBy1604;
			productName = BRNPulseBy1604;
			productReference = D8EFE23C1D7457E400882405 /* BRNPulseBy1604.app */;
			productType = "com.apple.product-type.application";
		};
/* End PBXNativeTarget section */

/* Begin PBXProject section */
		D8EFE2341D7457E400882405 /* Project object */ = {
			isa = PBXProject;
			attributes = {
				LastUpgradeCheck = 0730;
				ORGANIZATIONNAME = "BRN Infotech";
				TargetAttributes = {
					D8EFE23B1D7457E400882405 = {
						CreatedOnToolsVersion = 7.3;
					};
				};
			};
			buildConfigurationList = D8EFE2371D7457E400882405 /* Build configuration list for PBXProject "BRNPulseBy1604" */;
			compatibilityVersion = "Xcode 3.2";
			developmentRegion = English;
			hasScannedForEncodings = 0;
			knownRegions = (
				en,
				Base,
			);
			mainGroup = D8EFE2331D7457E400882405;
			productRefGroup = D8EFE23D1D7457E400882405 /* Products */;
			projectDirPath = "";
			projectRoot = "";
			targets = (
				D8EFE23B1D7457E400882405 /* BRNPulseBy1604 */,
			);
		};
/* End PBXProject section */

/* Begin PBXResourcesBuildPhase section */
		D8EFE23A1D7457E400882405 /* Resources */ = {
			isa = PBXResourcesBuildPhase;
			buildActionMask = 2147483647;
			files = (
				D8EFE24F1D7457E500882405 /* LaunchScreen.storyboard in Resources */,
				D8EFE2571D74599100882405 /* kabali.jpg in Resources */,
				D8EFE24C1D7457E500882405 /* Assets.xcassets in Resources */,
				D8EFE24A1D7457E500882405 /* Main.storyboard in Resources */,
			);
			runOnlyForDeploymentPostprocessing = 0;
		};
/* End PBXResourcesBuildPhase section */

/* Begin PBXSourcesBuildPhase section */
		D8EFE2381D7457E400882405 /* Sources */ = {
			isa = PBXSourcesBuildPhase;
			buildActionMask = 2147483647;
			files = (
				D8EFE2471D7457E500882405 /* ViewController.m in Sources */,
				D8EFE2441D7457E500882405 /* AppDelegate.m in Sources */,
				D8EFE2411D7457E500882405 /* main.m in Sources */,
			);
			runOnlyForDeploymentPostprocessing = 0;
		};
/* End PBXSourcesBuildPhase section */

/* Begin PBXVariantGroup section */
		D8EFE2481D7457E500882405 /* Main.storyboard */ = {
			isa = PBXVariantGroup;
			children = (
				D8EFE2491D7457E500882405 /* Base */,
			);
			name = Main.storyboard;
			sourceTree = "<group>";
		};
		D8EFE24D1D7457E500882405 /* LaunchScreen.storyboard */ = {
			isa = PBXVariantGroup;
			children = (
				D8EFE24E1D7457E500882405 /* Base */,
			);
			name = LaunchScreen.storyboard;
			sourceTree = "<group>";
		};
/* End PBXVariantGroup section */

/* Begin XCBuildConfiguration section */
		D8EFE2511D7457E500882405 /* Debug */ = {
			isa = XCBuildConfiguration;
			buildSettings = {
				ALWAYS_SEARCH_USER_PATHS = NO;
				CLANG_ANALYZER_NONNULL = YES;
				CLANG_CXX_LANGUAGE_STANDARD = "gnu++0x";
				CLANG_CXX_LIBRARY = "libc++";
				CLANG_ENABLE_MODULES = YES;
				CLANG_ENABLE_OBJC_ARC = YES;
				CLANG_WARN_BOOL_CONVERSION = YES;
				CLANG_WARN_CONSTANT_CONVERSION = YES;
				CLANG_WARN_DIRECT_OBJC_ISA_USAGE = YES_ERROR;
				CLANG_WARN_EMPTY_BODY = YES;
				CLANG_WARN_ENUM_CONVERSION = YES;
				CLANG_WARN_INT_CONVERSION = YES;
				CLANG_WARN_OBJC_ROOT_CLASS = YES_ERROR;
				CLANG_WARN_UNREACHABLE_CODE = YES;
				CLANG_WARN__DUPLICATE_METHOD_MATCH = YES;
				"CODE_SIGN_IDENTITY[sdk=iphoneos*]" = "iPhone Developer";
				COPY_PHASE_STRIP = NO;
				DEBUG_INFORMATION_FORMAT = dwarf;
				ENABLE_STRICT_OBJC_MSGSEND = YES;
				ENABLE_TESTABILITY = YES;
				GCC_C_LANGUAGE_STANDARD = gnu99;
				GCC_DYNAMIC_NO_PIC = NO;
				GCC_NO_COMMON_BLOCKS = YES;
				GCC_OPTIMIZATION_LEVEL = 0;
				GCC_PREPROCESSOR_DEFINITIONS = (
					"DEBUG=1",
					"$(inherited)",
				);
				GCC_WARN_64_TO_32_BIT_CONVERSION = YES;
				GCC_WARN_ABOUT_RETURN_TYPE = YES_ERROR;
				GCC_WARN_UNDECLARED_SELECTOR = YES;
				GCC_WARN_UNINITIALIZED_AUTOS = YES_AGGRESSIVE;
				GCC_WARN_UNUSED_FUNCTION = YES;
				GCC_WARN_UNUSED_VARIABLE = YES;
				IPHONEOS_DEPLOYMENT_TARGET = 9.3;
				MTL_ENABLE_DEBUG_INFO = YES;
				ONLY_ACTIVE_ARCH = YES;
				SDKROOT = iphoneos;
			};
			name = Debug;
		};
		D8EFE2521D7457E500882405 /* Release */ = {
			isa = XCBuildConfiguration;
			buildSettings = {
				ALWAYS_SEARCH_USER_PATHS = NO;
				CLANG_ANALYZER_NONNULL = YES;
				CLANG_CXX_LANGUAGE_STANDARD = "gnu++0x";
				CLANG_CXX_LIBRARY = "libc++";
				CLANG_ENABLE_MODULES = YES;
				CLANG_ENABLE_OBJC_ARC = YES;
				CLANG_WARN_BOOL_CONVERSION = YES;
				CLANG_WARN_CONSTANT_CONVERSION = YES;
				CLANG_WARN_DIRECT_OBJC_ISA_USAGE = YES_ERROR;
				CLANG_WARN_EMPTY_BODY = YES;
				CLANG_WARN_ENUM_CONVERSION = YES;
				CLANG_WARN_INT_CONVERSION = YES;
				CLANG_WARN_OBJC_ROOT_CLASS = YES_ERROR;
				CLANG_WARN_UNREACHABLE_CODE = YES;
				CLANG_WARN__DUPLICATE_METHOD_MATCH = YES;
				"CODE_SIGN_IDENTITY[sdk=iphoneos*]" = "iPhone Developer";
				COPY_PHASE_STRIP = NO;
				DEBUG_INFORMATION_FORMAT = "dwarf-with-dsym";
				ENABLE_NS_ASSERTIONS = NO;
				ENABLE_STRICT_OBJC_MSGSEND = YES;
				GCC_C_LANGUAGE_STANDARD = gnu99;
				GCC_NO_COMMON_BLOCKS = YES;
				GCC_WARN_64_TO_32_BIT_CONVERSION = YES;
				GCC_WARN_ABOUT_RETURN_TYPE = YES_ERROR;
				GCC_WARN_UNDECLARED_SELECTOR = YES;
				GCC_WARN_UNINITIALIZED_AUTOS = YES_AGGRESSIVE;
				GCC_WARN_UNUSED_FUNCTION = YES;
				GCC_WARN_UNUSED_VARIABLE = YES;
				IPHONEOS_DEPLOYMENT_TARGET = 9.3;
				MTL_ENABLE_DEBUG_INFO = NO;
				SDKROOT = iphoneos;
				VALIDATE_PRODUCT = YES;
			};
			name = Release;
		};
		D8EFE2541D7457E500882405 /* Debug */ = {
			isa = XCBuildConfiguration;
			buildSettings = {
				ASSETCATALOG_COMPILER_APPICON_NAME = AppIcon;
				INFOPLIST_FILE = BRNPulseBy1604/Info.plist;
				LD_RUNPATH_SEARCH_PATHS = "$(inherited) @executable_path/Frameworks";
				PRODUCT_BUNDLE_IDENTIFIER = com.brninfotech.BRNPulseBy1604;
				PRODUCT_NAME = "$(TARGET_NAME)";
			};
			name = Debug;
		};
		D8EFE2551D7457E500882405 /* Release */ = {
			isa = XCBuildConfiguration;
			buildSettings = {
				ASSETCATALOG_COMPILER_APPICON_NAME = AppIcon;
				INFOPLIST_FILE = BRNPulseBy1604/Info.plist;
				LD_RUNPATH_SEARCH_PATHS = "$(inherited) @executable_path/Frameworks";
				PRODUCT_BUNDLE_IDENTIFIER = com.brninfotech.BRNPulseBy1604;
				PRODUCT_NAME = "$(TARGET_NAME)";
			};
			name = Release;
		};
/* End XCBuildConfiguration section */

/* Begin XCConfigurationList section */
		D8EFE2371D7457E400882405 /* Build configuration list for PBXProject "BRNPulseBy1604" */ = {
			isa = XCConfigurationList;
			buildConfigurations = (
				D8EFE2511D7457E500882405 /* Debug */,
				D8EFE2521D7457E500882405 /* Release */,
			);
			defaultConfigurationIsVisible = 0;
			defaultConfigurationName = Release;
		};
		D8EFE2531D7457E500882405 /* Build configuration list for PBXNativeTarget "BRNPulseBy1604" */ = {
			isa = XCConfigurationList;
			buildConfigurations = (
				D8EFE2541D7457E500882405 /* Debug */,
				D8EFE2551D7457E500882405 /* Release */,
			);
			defaultConfigurationIsVisible = 0;
		};
/* End XCConfigurationList section */
	};
	rootObject = D8EFE2341D7457E400882405 /* Project object */;
}
